<Solution>
  <Project Path="Business Layer/Business Layer.csproj" Id="7278ed3d-177c-4075-a5aa-b03236b47eed" />
  <Project Path="Data Access Layer/Data Access Layer.csproj" Id="9eff3a70-1e6f-49e6-849a-4bff1577784d" />
  <Project Path="Presentation Layer/Presentation Layer.csproj" Id="319c0499-5777-46a7-aedd-e45378350354" />
</Solution>
